
Microsoft Visual Studio Solution File, Format Version 12.00
# Visual Studio Version 17
VisualStudioVersion = 17.11.35312.102
MinimumVisualStudioVersion = 10.0.40219.1
Project("{FAE04EC0-301F-11D3-BF4B-00C04F79EFBC}") = "ConfectioneryYum", "ConfectioneryYum\ConfectioneryYum.csproj", "{9C21464E-8EEA-4D06-AA0F-45BFA18ABF14}"
EndProject
Global
	GlobalSection(SolutionConfigurationPlatforms) = preSolution
		Debug|Any CPU = Debug|Any CPU
		Release|Any CPU = Release|Any CPU
	EndGlobalSection
	GlobalSection(ProjectConfigurationPlatforms) = postSolution
		{9C21464E-8EEA-4D06-AA0F-45BFA18ABF14}.Debug|Any CPU.ActiveCfg = Debug|Any CPU
		{9C21464E-8EEA-4D06-AA0F-45BFA18ABF14}.Debug|Any CPU.Build.0 = Debug|Any CPU
		{9C21464E-8EEA-4D06-AA0F-45BFA18ABF14}.Release|Any CPU.ActiveCfg = Release|Any CPU
		{9C21464E-8EEA-4D06-AA0F-45BFA18ABF14}.Release|Any CPU.Build.0 = Release|Any CPU
	EndGlobalSection
	GlobalSection(SolutionProperties) = preSolution
		HideSolutionNode = FALSE
	EndGlobalSection
	GlobalSection(ExtensibilityGlobals) = postSolution
		SolutionGuid = {7E91BDEE-82BF-43E1-A774-AE6131305180}
	EndGlobalSection
EndGlobal
